
Microsoft Visual Studio Solution File, Format Version 12.00
# Visual Studio 15
VisualStudioVersion = 15.0.28010.2019
MinimumVisualStudioVersion = 10.0.40219.1
Project("{FAE04EC0-301F-11D3-BF4B-00C04F79EFBC}") = "TrailersInYardDLL", "TrailersInYardDLL\TrailersInYardDLL.csproj", "{11955463-3C4E-433A-9A84-E8BAD26D42DD}"
EndProject
Global
	GlobalSection(SolutionConfigurationPlatforms) = preSolution
		Debug|Any CPU = Debug|Any CPU
		Release|Any CPU = Release|Any CPU
	EndGlobalSection
	GlobalSection(ProjectConfigurationPlatforms) = postSolution
		{11955463-3C4E-433A-9A84-E8BAD26D42DD}.Debug|Any CPU.ActiveCfg = Debug|Any CPU
		{11955463-3C4E-433A-9A84-E8BAD26D42DD}.Debug|Any CPU.Build.0 = Debug|Any CPU
		{11955463-3C4E-433A-9A84-E8BAD26D42DD}.Release|Any CPU.ActiveCfg = Release|Any CPU
		{11955463-3C4E-433A-9A84-E8BAD26D42DD}.Release|Any CPU.Build.0 = Release|Any CPU
	EndGlobalSection
	GlobalSection(SolutionProperties) = preSolution
		HideSolutionNode = FALSE
	EndGlobalSection
	GlobalSection(ExtensibilityGlobals) = postSolution
		SolutionGuid = {54B32156-7CF5-47FA-B319-EFA32227AD5C}
	EndGlobalSection
EndGlobal
